
Microsoft Visual Studio Solution File, Format Version 12.00
# Visual Studio Version 16
VisualStudioVersion = 16.0.32002.261
MinimumVisualStudioVersion = 10.0.40219.1
Project("{FAE04EC0-301F-11D3-BF4B-00C04F79EFBC}") = "Task 1.1.3", "Task 1.1.3.csproj", "{DC1AF066-C918-4708-A6CB-EF94C980B098}"
EndProject
Global
	GlobalSection(SolutionConfigurationPlatforms) = preSolution
		Debug|Any CPU = Debug|Any CPU
		Release|Any CPU = Release|Any CPU
	EndGlobalSection
	GlobalSection(ProjectConfigurationPlatforms) = postSolution
		{DC1AF066-C918-4708-A6CB-EF94C980B098}.Debug|Any CPU.ActiveCfg = Debug|Any CPU
		{DC1AF066-C918-4708-A6CB-EF94C980B098}.Debug|Any CPU.Build.0 = Debug|Any CPU
		{DC1AF066-C918-4708-A6CB-EF94C980B098}.Release|Any CPU.ActiveCfg = Release|Any CPU
		{DC1AF066-C918-4708-A6CB-EF94C980B098}.Release|Any CPU.Build.0 = Release|Any CPU
	EndGlobalSection
	GlobalSection(SolutionProperties) = preSolution
		HideSolutionNode = FALSE
	EndGlobalSection
	GlobalSection(ExtensibilityGlobals) = postSolution
		SolutionGuid = {974273EA-7E51-4050-9517-126B7E2E1F99}
	EndGlobalSection
EndGlobal
