
Microsoft Visual Studio Solution File, Format Version 12.00
# Visual Studio Version 16
VisualStudioVersion = 16.0.32002.261
MinimumVisualStudioVersion = 10.0.40219.1
Project("{FAE04EC0-301F-11D3-BF4B-00C04F79EFBC}") = "Task 2.1.2", "Task 2.1.2.csproj", "{2EA6BD37-2FFF-4920-85D9-EC5C9F909B7B}"
EndProject
Global
	GlobalSection(SolutionConfigurationPlatforms) = preSolution
		Debug|Any CPU = Debug|Any CPU
		Release|Any CPU = Release|Any CPU
	EndGlobalSection
	GlobalSection(ProjectConfigurationPlatforms) = postSolution
		{2EA6BD37-2FFF-4920-85D9-EC5C9F909B7B}.Debug|Any CPU.ActiveCfg = Debug|Any CPU
		{2EA6BD37-2FFF-4920-85D9-EC5C9F909B7B}.Debug|Any CPU.Build.0 = Debug|Any CPU
		{2EA6BD37-2FFF-4920-85D9-EC5C9F909B7B}.Release|Any CPU.ActiveCfg = Release|Any CPU
		{2EA6BD37-2FFF-4920-85D9-EC5C9F909B7B}.Release|Any CPU.Build.0 = Release|Any CPU
	EndGlobalSection
	GlobalSection(SolutionProperties) = preSolution
		HideSolutionNode = FALSE
	EndGlobalSection
	GlobalSection(ExtensibilityGlobals) = postSolution
		SolutionGuid = {33D759C0-26D7-476A-AD2D-730018B445DF}
	EndGlobalSection
EndGlobal
